
Microsoft Visual Studio Solution File, Format Version 12.00
# Visual Studio 15
VisualStudioVersion = 15.0.27703.2042
MinimumVisualStudioVersion = 10.0.40219.1
Project("{9A19103F-16F7-4668-BE54-9A1E7A4F7556}") = "TagItAwayLambda", "TagItAwayLambda\TagItAwayLambda.csproj", "{0EBD5103-6057-42B8-B7EC-2155831FFDA1}"
EndProject
Project("{9A19103F-16F7-4668-BE54-9A1E7A4F7556}") = "TagItAwaySNSLambda", "TagItAwaySNSLambda\TagItAwaySNSLambda.csproj", "{456F9F58-73A9-439D-8850-7ABADF87C3C3}"
EndProject
Global
	GlobalSection(SolutionConfigurationPlatforms) = preSolution
		Debug|Any CPU = Debug|Any CPU
		Release|Any CPU = Release|Any CPU
	EndGlobalSection
	GlobalSection(ProjectConfigurationPlatforms) = postSolution
		{0EBD5103-6057-42B8-B7EC-2155831FFDA1}.Debug|Any CPU.ActiveCfg = Debug|Any CPU
		{0EBD5103-6057-42B8-B7EC-2155831FFDA1}.Debug|Any CPU.Build.0 = Debug|Any CPU
		{0EBD5103-6057-42B8-B7EC-2155831FFDA1}.Release|Any CPU.ActiveCfg = Release|Any CPU
		{0EBD5103-6057-42B8-B7EC-2155831FFDA1}.Release|Any CPU.Build.0 = Release|Any CPU
		{456F9F58-73A9-439D-8850-7ABADF87C3C3}.Debug|Any CPU.ActiveCfg = Debug|Any CPU
		{456F9F58-73A9-439D-8850-7ABADF87C3C3}.Debug|Any CPU.Build.0 = Debug|Any CPU
		{456F9F58-73A9-439D-8850-7ABADF87C3C3}.Release|Any CPU.ActiveCfg = Release|Any CPU
		{456F9F58-73A9-439D-8850-7ABADF87C3C3}.Release|Any CPU.Build.0 = Release|Any CPU
	EndGlobalSection
	GlobalSection(SolutionProperties) = preSolution
		HideSolutionNode = FALSE
	EndGlobalSection
	GlobalSection(ExtensibilityGlobals) = postSolution
		SolutionGuid = {B0DE9778-C1FE-42EA-B7FD-F2B8C6D6A230}
	EndGlobalSection
EndGlobal
